
Microsoft Visual Studio Solution File, Format Version 12.00
# Visual Studio 2012
Project("{8BC9CEB8-8B4A-11D0-8D11-00A0C91BC942}") = "Assignment 4B", "Assignment 4B\Assignment 4B.vcxproj", "{932D3EE8-C141-48EE-8581-3FA907D11C12}"
EndProject
Global
	GlobalSection(SolutionConfigurationPlatforms) = preSolution
		Debug|Win32 = Debug|Win32
		Release|Win32 = Release|Win32
	EndGlobalSection
	GlobalSection(ProjectConfigurationPlatforms) = postSolution
		{932D3EE8-C141-48EE-8581-3FA907D11C12}.Debug|Win32.ActiveCfg = Debug|Win32
		{932D3EE8-C141-48EE-8581-3FA907D11C12}.Debug|Win32.Build.0 = Debug|Win32
		{932D3EE8-C141-48EE-8581-3FA907D11C12}.Release|Win32.ActiveCfg = Release|Win32
		{932D3EE8-C141-48EE-8581-3FA907D11C12}.Release|Win32.Build.0 = Release|Win32
	EndGlobalSection
	GlobalSection(SolutionProperties) = preSolution
		HideSolutionNode = FALSE
	EndGlobalSection
EndGlobal
